
Microsoft Visual Studio Solution File, Format Version 12.00
# Visual Studio Version 17
VisualStudioVersion = 17.13.35825.156 d17.13
MinimumVisualStudioVersion = 10.0.40219.1
Project("{FAE04EC0-301F-11D3-BF4B-00C04F79EFBC}") = "summerInternship", "summerInternship\summerInternship.csproj", "{611DC9DC-F7F9-443A-BDBD-86F2A82EC8F3}"
EndProject
Global
	GlobalSection(SolutionConfigurationPlatforms) = preSolution
		Debug|Any CPU = Debug|Any CPU
		Release|Any CPU = Release|Any CPU
	EndGlobalSection
	GlobalSection(ProjectConfigurationPlatforms) = postSolution
		{611DC9DC-F7F9-443A-BDBD-86F2A82EC8F3}.Debug|Any CPU.ActiveCfg = Debug|Any CPU
		{611DC9DC-F7F9-443A-BDBD-86F2A82EC8F3}.Debug|Any CPU.Build.0 = Debug|Any CPU
		{611DC9DC-F7F9-443A-BDBD-86F2A82EC8F3}.Release|Any CPU.ActiveCfg = Release|Any CPU
		{611DC9DC-F7F9-443A-BDBD-86F2A82EC8F3}.Release|Any CPU.Build.0 = Release|Any CPU
	EndGlobalSection
	GlobalSection(SolutionProperties) = preSolution
		HideSolutionNode = FALSE
	EndGlobalSection
	GlobalSection(ExtensibilityGlobals) = postSolution
		SolutionGuid = {41E32A8D-37A9-4875-B022-C8EA6B153951}
	EndGlobalSection
EndGlobal
